<?xml version="1.0" encoding="utf-8"?>
<Project ToolsVersion="4.0" xmlns="http://schemas.microsoft.com/developer/msbuild/2003">
  <ItemGroup>
    <Filter Include="Source Files">
      <UniqueIdentifier>{4FC737F1-C7A5-4376-A066-2A32D752A2FF}</UniqueIdentifier>
      <Extensions>cpp;c;cc;cxx;def;odl;idl;hpj;bat;asm;asmx</Extensions>
    </Filter>
    <Filter Include="Header Files">
      <UniqueIdentifier>{93995380-89BD-4b04-88EB-625FBE52EBFB}</UniqueIdentifier>
      <Extensions>h;hh;hpp;hxx;hm;inl;inc;xsd</Extensions>
    </Filter>
    <Filter Include="Resource Files">
      <UniqueIdentifier>{67DA6AB6-F800-4c08-8B7A-83BB121AAD01}</UniqueIdentifier>
      <Extensions>rc;ico;cur;bmp;dlg;rc2;rct;bin;rgs;gif;jpg;jpeg;jpe;resx;tiff;tif;png;wav;mfcribbon-ms</Extensions>
    </Filter>
    <Filter Include="src">
      <UniqueIdentifier>{38f68643-d869-421f-8276-0ff503f55c07}</UniqueIdentifier>
    </Filter>
    <Filter Include="src\_micro-api-readonly">
      <UniqueIdentifier>{3aefb72b-9852-4026-acd6-8ed8fbcd51ee}</UniqueIdentifier>
    </Filter>
    <Filter Include="src\_micro-api-readonly\core">
      <UniqueIdentifier>{efb9ac6c-8758-449b-a05c-f6c627c69937}</UniqueIdentifier>
    </Filter>
    <Filter Include="src\_micro-api-readonly\core\apps">
      <UniqueIdentifier>{e184575b-a366-43e1-bfe6-796b31163bdd}</UniqueIdentifier>
    </Filter>
    <Filter Include="src\_micro-api-readonly\core\apps\sntp">
      <UniqueIdentifier>{b8165941-afd4-4d68-b349-940fa4e28a11}</UniqueIdentifier>
    </Filter>
    <Filter Include="src\_micro-api-readonly\core\libb64">
      <UniqueIdentifier>{8a65f392-6e6f-422d-b901-cce97c1a8d98}</UniqueIdentifier>
    </Filter>
    <Filter Include="src\_micro-api-readonly\libraries">
      <UniqueIdentifier>{5e4a22d9-8ab5-427d-9246-a4bcb206a17c}</UniqueIdentifier>
    </Filter>
    <Filter Include="src\_micro-api-readonly\libraries\WiFi">
      <UniqueIdentifier>{af902e82-fc36-49ce-b68b-b0aab3217ba9}</UniqueIdentifier>
    </Filter>
    <Filter Include="src\_micro-api-readonly\libraries\AsyncUDP">
      <UniqueIdentifier>{1df05a21-078a-4003-9496-e3b0b5d36f0b}</UniqueIdentifier>
    </Filter>
  </ItemGroup>
  <ItemGroup>
    <ClInclude Include="__vm\.Armatron Arm L ESP32 Driver Board.vsarduino.h">
      <Filter>Header Files</Filter>
    </ClInclude>
    <ClInclude Include="Actuator.h">
      <Filter>Header Files</Filter>
    </ClInclude>
    <ClInclude Include="ARMATRON_Arm_L.h">
      <Filter>Header Files</Filter>
    </ClInclude>
    <ClInclude Include="SerialComm.h">
      <Filter>Header Files</Filter>
    </ClInclude>
    <ClInclude Include="UDPControl.h">
      <Filter>Header Files</Filter>
    </ClInclude>
    <ClInclude Include="WebServerComms.h">
      <Filter>Header Files</Filter>
    </ClInclude>
    <ClInclude Include="WebSocketComms.h">
      <Filter>Header Files</Filter>
    </ClInclude>
    <ClInclude Include="..\..\..\..\AppData\Local\arduino15\packages\esp32\hardware\esp32\2.0.2\cores\esp32\Arduino.h">
      <Filter>src\_micro-api-readonly\core</Filter>
    </ClInclude>
    <ClInclude Include="..\..\..\..\AppData\Local\arduino15\packages\esp32\hardware\esp32\2.0.2\cores\esp32\base64.h">
      <Filter>src\_micro-api-readonly\core</Filter>
    </ClInclude>
    <ClInclude Include="..\..\..\..\AppData\Local\arduino15\packages\esp32\hardware\esp32\2.0.2\cores\esp32\binary.h">
      <Filter>src\_micro-api-readonly\core</Filter>
    </ClInclude>
    <ClInclude Include="..\..\..\..\AppData\Local\arduino15\packages\esp32\hardware\esp32\2.0.2\cores\esp32\cbuf.h">
      <Filter>src\_micro-api-readonly\core</Filter>
    </ClInclude>
    <ClInclude Include="..\..\..\..\AppData\Local\arduino15\packages\esp32\hardware\esp32\2.0.2\cores\esp32\Client.h">
      <Filter>src\_micro-api-readonly\core</Filter>
    </ClInclude>
    <ClInclude Include="..\..\..\..\AppData\Local\arduino15\packages\esp32\hardware\esp32\2.0.2\cores\esp32\core_version.h">
      <Filter>src\_micro-api-readonly\core</Filter>
    </ClInclude>
    <ClInclude Include="..\..\..\..\AppData\Local\arduino15\packages\esp32\hardware\esp32\2.0.2\cores\esp32\Esp.h">
      <Filter>src\_micro-api-readonly\core</Filter>
    </ClInclude>
    <ClInclude Include="..\..\..\..\AppData\Local\arduino15\packages\esp32\hardware\esp32\2.0.2\cores\esp32\esp32-hal-adc.h">
      <Filter>src\_micro-api-readonly\core</Filter>
    </ClInclude>
    <ClInclude Include="..\..\..\..\AppData\Local\arduino15\packages\esp32\hardware\esp32\2.0.2\cores\esp32\esp32-hal-bt.h">
      <Filter>src\_micro-api-readonly\core</Filter>
    </ClInclude>
    <ClInclude Include="..\..\..\..\AppData\Local\arduino15\packages\esp32\hardware\esp32\2.0.2\cores\esp32\esp32-hal-cpu.h">
      <Filter>src\_micro-api-readonly\core</Filter>
    </ClInclude>
    <ClInclude Include="..\..\..\..\AppData\Local\arduino15\packages\esp32\hardware\esp32\2.0.2\cores\esp32\esp32-hal-dac.h">
      <Filter>src\_micro-api-readonly\core</Filter>
    </ClInclude>
    <ClInclude Include="..\..\..\..\AppData\Local\arduino15\packages\esp32\hardware\esp32\2.0.2\cores\esp32\esp32-hal-gpio.h">
      <Filter>src\_micro-api-readonly\core</Filter>
    </ClInclude>
    <ClInclude Include="..\..\..\..\AppData\Local\arduino15\packages\esp32\hardware\esp32\2.0.2\cores\esp32\esp32-hal-i2c-slave.h">
      <Filter>src\_micro-api-readonly\core</Filter>
    </ClInclude>
    <ClInclude Include="..\..\..\..\AppData\Local\arduino15\packages\esp32\hardware\esp32\2.0.2\cores\esp32\esp32-hal-i2c.h">
      <Filter>src\_micro-api-readonly\core</Filter>
    </ClInclude>
    <ClInclude Include="..\..\..\..\AppData\Local\arduino15\packages\esp32\hardware\esp32\2.0.2\cores\esp32\esp32-hal-ledc.h">
      <Filter>src\_micro-api-readonly\core</Filter>
    </ClInclude>
    <ClInclude Include="..\..\..\..\AppData\Local\arduino15\packages\esp32\hardware\esp32\2.0.2\cores\esp32\esp32-hal-log.h">
      <Filter>src\_micro-api-readonly\core</Filter>
    </ClInclude>
    <ClInclude Include="..\..\..\..\AppData\Local\arduino15\packages\esp32\hardware\esp32\2.0.2\cores\esp32\esp32-hal-matrix.h">
      <Filter>src\_micro-api-readonly\core</Filter>
    </ClInclude>
    <ClInclude Include="..\..\..\..\AppData\Local\arduino15\packages\esp32\hardware\esp32\2.0.2\cores\esp32\esp32-hal-psram.h">
      <Filter>src\_micro-api-readonly\core</Filter>
    </ClInclude>
    <ClInclude Include="..\..\..\..\AppData\Local\arduino15\packages\esp32\hardware\esp32\2.0.2\cores\esp32\esp32-hal-rmt.h">
      <Filter>src\_micro-api-readonly\core</Filter>
    </ClInclude>
    <ClInclude Include="..\..\..\..\AppData\Local\arduino15\packages\esp32\hardware\esp32\2.0.2\cores\esp32\esp32-hal-sigmadelta.h">
      <Filter>src\_micro-api-readonly\core</Filter>
    </ClInclude>
    <ClInclude Include="..\..\..\..\AppData\Local\arduino15\packages\esp32\hardware\esp32\2.0.2\cores\esp32\esp32-hal-spi.h">
      <Filter>src\_micro-api-readonly\core</Filter>
    </ClInclude>
    <ClInclude Include="..\..\..\..\AppData\Local\arduino15\packages\esp32\hardware\esp32\2.0.2\cores\esp32\esp32-hal-timer.h">
      <Filter>src\_micro-api-readonly\core</Filter>
    </ClInclude>
    <ClInclude Include="..\..\..\..\AppData\Local\arduino15\packages\esp32\hardware\esp32\2.0.2\cores\esp32\esp32-hal-tinyusb.h">
      <Filter>src\_micro-api-readonly\core</Filter>
    </ClInclude>
    <ClInclude Include="..\..\..\..\AppData\Local\arduino15\packages\esp32\hardware\esp32\2.0.2\cores\esp32\esp32-hal-touch.h">
      <Filter>src\_micro-api-readonly\core</Filter>
    </ClInclude>
    <ClInclude Include="..\..\..\..\AppData\Local\arduino15\packages\esp32\hardware\esp32\2.0.2\cores\esp32\esp32-hal-uart.h">
      <Filter>src\_micro-api-readonly\core</Filter>
    </ClInclude>
    <ClInclude Include="..\..\..\..\AppData\Local\arduino15\packages\esp32\hardware\esp32\2.0.2\cores\esp32\esp32-hal.h">
      <Filter>src\_micro-api-readonly\core</Filter>
    </ClInclude>
    <ClInclude Include="..\..\..\..\AppData\Local\arduino15\packages\esp32\hardware\esp32\2.0.2\cores\esp32\esp8266-compat.h">
      <Filter>src\_micro-api-readonly\core</Filter>
    </ClInclude>
    <ClInclude Include="..\..\..\..\AppData\Local\arduino15\packages\esp32\hardware\esp32\2.0.2\cores\esp32\esp_arduino_version.h">
      <Filter>src\_micro-api-readonly\core</Filter>
    </ClInclude>
    <ClInclude Include="..\..\..\..\AppData\Local\arduino15\packages\esp32\hardware\esp32\2.0.2\cores\esp32\FirmwareMSC.h">
      <Filter>src\_micro-api-readonly\core</Filter>
    </ClInclude>
    <ClInclude Include="..\..\..\..\AppData\Local\arduino15\packages\esp32\hardware\esp32\2.0.2\cores\esp32\firmware_msc_fat.h">
      <Filter>src\_micro-api-readonly\core</Filter>
    </ClInclude>
    <ClInclude Include="..\..\..\..\AppData\Local\arduino15\packages\esp32\hardware\esp32\2.0.2\cores\esp32\FunctionalInterrupt.h">
      <Filter>src\_micro-api-readonly\core</Filter>
    </ClInclude>
    <ClInclude Include="..\..\..\..\AppData\Local\arduino15\packages\esp32\hardware\esp32\2.0.2\cores\esp32\HardwareSerial.h">
      <Filter>src\_micro-api-readonly\core</Filter>
    </ClInclude>
    <ClInclude Include="..\..\..\..\AppData\Local\arduino15\packages\esp32\hardware\esp32\2.0.2\cores\esp32\HWCDC.h">
      <Filter>src\_micro-api-readonly\core</Filter>
    </ClInclude>
    <ClInclude Include="..\..\..\..\AppData\Local\arduino15\packages\esp32\hardware\esp32\2.0.2\cores\esp32\IPAddress.h">
      <Filter>src\_micro-api-readonly\core</Filter>
    </ClInclude>
    <ClInclude Include="..\..\..\..\AppData\Local\arduino15\packages\esp32\hardware\esp32\2.0.2\cores\esp32\IPv6Address.h">
      <Filter>src\_micro-api-readonly\core</Filter>
    </ClInclude>
    <ClInclude Include="..\..\..\..\AppData\Local\arduino15\packages\esp32\hardware\esp32\2.0.2\cores\esp32\MD5Builder.h">
      <Filter>src\_micro-api-readonly\core</Filter>
    </ClInclude>
    <ClInclude Include="..\..\..\..\AppData\Local\arduino15\packages\esp32\hardware\esp32\2.0.2\cores\esp32\pgmspace.h">
      <Filter>src\_micro-api-readonly\core</Filter>
    </ClInclude>
    <ClInclude Include="..\..\..\..\AppData\Local\arduino15\packages\esp32\hardware\esp32\2.0.2\cores\esp32\Print.h">
      <Filter>src\_micro-api-readonly\core</Filter>
    </ClInclude>
    <ClInclude Include="..\..\..\..\AppData\Local\arduino15\packages\esp32\hardware\esp32\2.0.2\cores\esp32\Printable.h">
      <Filter>src\_micro-api-readonly\core</Filter>
    </ClInclude>
    <ClInclude Include="..\..\..\..\AppData\Local\arduino15\packages\esp32\hardware\esp32\2.0.2\cores\esp32\Server.h">
      <Filter>src\_micro-api-readonly\core</Filter>
    </ClInclude>
    <ClInclude Include="..\..\..\..\AppData\Local\arduino15\packages\esp32\hardware\esp32\2.0.2\cores\esp32\stdlib_noniso.h">
      <Filter>src\_micro-api-readonly\core</Filter>
    </ClInclude>
    <ClInclude Include="..\..\..\..\AppData\Local\arduino15\packages\esp32\hardware\esp32\2.0.2\cores\esp32\Stream.h">
      <Filter>src\_micro-api-readonly\core</Filter>
    </ClInclude>
    <ClInclude Include="..\..\..\..\AppData\Local\arduino15\packages\esp32\hardware\esp32\2.0.2\cores\esp32\StreamString.h">
      <Filter>src\_micro-api-readonly\core</Filter>
    </ClInclude>
    <ClInclude Include="..\..\..\..\AppData\Local\arduino15\packages\esp32\hardware\esp32\2.0.2\cores\esp32\Udp.h">
      <Filter>src\_micro-api-readonly\core</Filter>
    </ClInclude>
    <ClInclude Include="..\..\..\..\AppData\Local\arduino15\packages\esp32\hardware\esp32\2.0.2\cores\esp32\USB.h">
      <Filter>src\_micro-api-readonly\core</Filter>
    </ClInclude>
    <ClInclude Include="..\..\..\..\AppData\Local\arduino15\packages\esp32\hardware\esp32\2.0.2\cores\esp32\USBCDC.h">
      <Filter>src\_micro-api-readonly\core</Filter>
    </ClInclude>
    <ClInclude Include="..\..\..\..\AppData\Local\arduino15\packages\esp32\hardware\esp32\2.0.2\cores\esp32\USBMSC.h">
      <Filter>src\_micro-api-readonly\core</Filter>
    </ClInclude>
    <ClInclude Include="..\..\..\..\AppData\Local\arduino15\packages\esp32\hardware\esp32\2.0.2\cores\esp32\WCharacter.h">
      <Filter>src\_micro-api-readonly\core</Filter>
    </ClInclude>
    <ClInclude Include="..\..\..\..\AppData\Local\arduino15\packages\esp32\hardware\esp32\2.0.2\cores\esp32\wiring_private.h">
      <Filter>src\_micro-api-readonly\core</Filter>
    </ClInclude>
    <ClInclude Include="..\..\..\..\AppData\Local\arduino15\packages\esp32\hardware\esp32\2.0.2\cores\esp32\WString.h">
      <Filter>src\_micro-api-readonly\core</Filter>
    </ClInclude>
    <ClInclude Include="..\..\..\..\AppData\Local\arduino15\packages\esp32\hardware\esp32\2.0.2\cores\esp32\apps\sntp\sntp.h">
      <Filter>src\_micro-api-readonly\core\apps\sntp</Filter>
    </ClInclude>
    <ClInclude Include="..\..\..\..\AppData\Local\arduino15\packages\esp32\hardware\esp32\2.0.2\cores\esp32\libb64\cdecode.h">
      <Filter>src\_micro-api-readonly\core\libb64</Filter>
    </ClInclude>
    <ClInclude Include="..\..\..\..\AppData\Local\arduino15\packages\esp32\hardware\esp32\2.0.2\cores\esp32\libb64\cencode.h">
      <Filter>src\_micro-api-readonly\core\libb64</Filter>
    </ClInclude>
    <ClInclude Include="..\..\..\..\AppData\Local\arduino15\packages\esp32\hardware\esp32\2.0.2\variants\esp32\pins_arduino.h">
      <Filter>src\_micro-api-readonly\core</Filter>
    </ClInclude>
    <ClInclude Include="..\..\..\..\AppData\Local\arduino15\packages\esp32\hardware\esp32\2.0.2\libraries\WiFi\src\WiFi.h">
      <Filter>src\_micro-api-readonly\libraries\WiFi</Filter>
    </ClInclude>
    <ClInclude Include="..\..\..\..\AppData\Local\arduino15\packages\esp32\hardware\esp32\2.0.2\libraries\WiFi\src\WiFiAP.h">
      <Filter>src\_micro-api-readonly\libraries\WiFi</Filter>
    </ClInclude>
    <ClInclude Include="..\..\..\..\AppData\Local\arduino15\packages\esp32\hardware\esp32\2.0.2\libraries\WiFi\src\WiFiClient.h">
      <Filter>src\_micro-api-readonly\libraries\WiFi</Filter>
    </ClInclude>
    <ClInclude Include="..\..\..\..\AppData\Local\arduino15\packages\esp32\hardware\esp32\2.0.2\libraries\WiFi\src\WiFiGeneric.h">
      <Filter>src\_micro-api-readonly\libraries\WiFi</Filter>
    </ClInclude>
    <ClInclude Include="..\..\..\..\AppData\Local\arduino15\packages\esp32\hardware\esp32\2.0.2\libraries\WiFi\src\WiFiMulti.h">
      <Filter>src\_micro-api-readonly\libraries\WiFi</Filter>
    </ClInclude>
    <ClInclude Include="..\..\..\..\AppData\Local\arduino15\packages\esp32\hardware\esp32\2.0.2\libraries\WiFi\src\WiFiScan.h">
      <Filter>src\_micro-api-readonly\libraries\WiFi</Filter>
    </ClInclude>
    <ClInclude Include="..\..\..\..\AppData\Local\arduino15\packages\esp32\hardware\esp32\2.0.2\libraries\WiFi\src\WiFiServer.h">
      <Filter>src\_micro-api-readonly\libraries\WiFi</Filter>
    </ClInclude>
    <ClInclude Include="..\..\..\..\AppData\Local\arduino15\packages\esp32\hardware\esp32\2.0.2\libraries\WiFi\src\WiFiSTA.h">
      <Filter>src\_micro-api-readonly\libraries\WiFi</Filter>
    </ClInclude>
    <ClInclude Include="..\..\..\..\AppData\Local\arduino15\packages\esp32\hardware\esp32\2.0.2\libraries\WiFi\src\WiFiType.h">
      <Filter>src\_micro-api-readonly\libraries\WiFi</Filter>
    </ClInclude>
    <ClInclude Include="..\..\..\..\AppData\Local\arduino15\packages\esp32\hardware\esp32\2.0.2\libraries\WiFi\src\WiFiUdp.h">
      <Filter>src\_micro-api-readonly\libraries\WiFi</Filter>
    </ClInclude>
    <ClInclude Include="..\..\..\..\AppData\Local\arduino15\packages\esp32\hardware\esp32\2.0.11\libraries\AsyncUDP\src\AsyncUDP.h">
      <Filter>src\_micro-api-readonly\libraries\AsyncUDP</Filter>
    </ClInclude>
  </ItemGroup>
  <ItemGroup>
    <ClCompile Include="Actuator.cpp">
      <Filter>Source Files</Filter>
    </ClCompile>
    <ClCompile Include="ARMATRON_Arm_L.cpp">
      <Filter>Source Files</Filter>
    </ClCompile>
    <ClCompile Include="SerialComm.cpp">
      <Filter>Source Files</Filter>
    </ClCompile>
    <ClCompile Include="UDPControl.cpp">
      <Filter>Source Files</Filter>
    </ClCompile>
    <ClCompile Include="WebServerComms.cpp">
      <Filter>Source Files</Filter>
    </ClCompile>
    <ClCompile Include="WebSocketComms.cpp">
      <Filter>Source Files</Filter>
    </ClCompile>
    <ClCompile Include="Armatron Arm L ESP32 Driver Board.ino" />
    <ClCompile Include="..\..\..\..\AppData\Local\arduino15\packages\esp32\hardware\esp32\2.0.2\cores\esp32\base64.cpp">
      <Filter>src\_micro-api-readonly\core</Filter>
    </ClCompile>
    <ClCompile Include="..\..\..\..\AppData\Local\arduino15\packages\esp32\hardware\esp32\2.0.2\cores\esp32\cbuf.cpp">
      <Filter>src\_micro-api-readonly\core</Filter>
    </ClCompile>
    <ClCompile Include="..\..\..\..\AppData\Local\arduino15\packages\esp32\hardware\esp32\2.0.2\cores\esp32\Esp.cpp">
      <Filter>src\_micro-api-readonly\core</Filter>
    </ClCompile>
    <ClCompile Include="..\..\..\..\AppData\Local\arduino15\packages\esp32\hardware\esp32\2.0.2\cores\esp32\esp32-hal-adc.c">
      <Filter>src\_micro-api-readonly\core</Filter>
    </ClCompile>
    <ClCompile Include="..\..\..\..\AppData\Local\arduino15\packages\esp32\hardware\esp32\2.0.2\cores\esp32\esp32-hal-bt.c">
      <Filter>src\_micro-api-readonly\core</Filter>
    </ClCompile>
    <ClCompile Include="..\..\..\..\AppData\Local\arduino15\packages\esp32\hardware\esp32\2.0.2\cores\esp32\esp32-hal-cpu.c">
      <Filter>src\_micro-api-readonly\core</Filter>
    </ClCompile>
    <ClCompile Include="..\..\..\..\AppData\Local\arduino15\packages\esp32\hardware\esp32\2.0.2\cores\esp32\esp32-hal-dac.c">
      <Filter>src\_micro-api-readonly\core</Filter>
    </ClCompile>
    <ClCompile Include="..\..\..\..\AppData\Local\arduino15\packages\esp32\hardware\esp32\2.0.2\cores\esp32\esp32-hal-gpio.c">
      <Filter>src\_micro-api-readonly\core</Filter>
    </ClCompile>
    <ClCompile Include="..\..\..\..\AppData\Local\arduino15\packages\esp32\hardware\esp32\2.0.2\cores\esp32\esp32-hal-i2c-slave.c">
      <Filter>src\_micro-api-readonly\core</Filter>
    </ClCompile>
    <ClCompile Include="..\..\..\..\AppData\Local\arduino15\packages\esp32\hardware\esp32\2.0.2\cores\esp32\esp32-hal-i2c.c">
      <Filter>src\_micro-api-readonly\core</Filter>
    </ClCompile>
    <ClCompile Include="..\..\..\..\AppData\Local\arduino15\packages\esp32\hardware\esp32\2.0.2\cores\esp32\esp32-hal-ledc.c">
      <Filter>src\_micro-api-readonly\core</Filter>
    </ClCompile>
    <ClCompile Include="..\..\..\..\AppData\Local\arduino15\packages\esp32\hardware\esp32\2.0.2\cores\esp32\esp32-hal-matrix.c">
      <Filter>src\_micro-api-readonly\core</Filter>
    </ClCompile>
    <ClCompile Include="..\..\..\..\AppData\Local\arduino15\packages\esp32\hardware\esp32\2.0.2\cores\esp32\esp32-hal-misc.c">
      <Filter>src\_micro-api-readonly\core</Filter>
    </ClCompile>
    <ClCompile Include="..\..\..\..\AppData\Local\arduino15\packages\esp32\hardware\esp32\2.0.2\cores\esp32\esp32-hal-psram.c">
      <Filter>src\_micro-api-readonly\core</Filter>
    </ClCompile>
    <ClCompile Include="..\..\..\..\AppData\Local\arduino15\packages\esp32\hardware\esp32\2.0.2\cores\esp32\esp32-hal-rmt.c">
      <Filter>src\_micro-api-readonly\core</Filter>
    </ClCompile>
    <ClCompile Include="..\..\..\..\AppData\Local\arduino15\packages\esp32\hardware\esp32\2.0.2\cores\esp32\esp32-hal-sigmadelta.c">
      <Filter>src\_micro-api-readonly\core</Filter>
    </ClCompile>
    <ClCompile Include="..\..\..\..\AppData\Local\arduino15\packages\esp32\hardware\esp32\2.0.2\cores\esp32\esp32-hal-spi.c">
      <Filter>src\_micro-api-readonly\core</Filter>
    </ClCompile>
    <ClCompile Include="..\..\..\..\AppData\Local\arduino15\packages\esp32\hardware\esp32\2.0.2\cores\esp32\esp32-hal-time.c">
      <Filter>src\_micro-api-readonly\core</Filter>
    </ClCompile>
    <ClCompile Include="..\..\..\..\AppData\Local\arduino15\packages\esp32\hardware\esp32\2.0.2\cores\esp32\esp32-hal-timer.c">
      <Filter>src\_micro-api-readonly\core</Filter>
    </ClCompile>
    <ClCompile Include="..\..\..\..\AppData\Local\arduino15\packages\esp32\hardware\esp32\2.0.2\cores\esp32\esp32-hal-tinyusb.c">
      <Filter>src\_micro-api-readonly\core</Filter>
    </ClCompile>
    <ClCompile Include="..\..\..\..\AppData\Local\arduino15\packages\esp32\hardware\esp32\2.0.2\cores\esp32\esp32-hal-touch.c">
      <Filter>src\_micro-api-readonly\core</Filter>
    </ClCompile>
    <ClCompile Include="..\..\..\..\AppData\Local\arduino15\packages\esp32\hardware\esp32\2.0.2\cores\esp32\esp32-hal-uart.c">
      <Filter>src\_micro-api-readonly\core</Filter>
    </ClCompile>
    <ClCompile Include="..\..\..\..\AppData\Local\arduino15\packages\esp32\hardware\esp32\2.0.2\cores\esp32\FirmwareMSC.cpp">
      <Filter>src\_micro-api-readonly\core</Filter>
    </ClCompile>
    <ClCompile Include="..\..\..\..\AppData\Local\arduino15\packages\esp32\hardware\esp32\2.0.2\cores\esp32\firmware_msc_fat.c">
      <Filter>src\_micro-api-readonly\core</Filter>
    </ClCompile>
    <ClCompile Include="..\..\..\..\AppData\Local\arduino15\packages\esp32\hardware\esp32\2.0.2\cores\esp32\FunctionalInterrupt.cpp">
      <Filter>src\_micro-api-readonly\core</Filter>
    </ClCompile>
    <ClCompile Include="..\..\..\..\AppData\Local\arduino15\packages\esp32\hardware\esp32\2.0.2\cores\esp32\HardwareSerial.cpp">
      <Filter>src\_micro-api-readonly\core</Filter>
    </ClCompile>
    <ClCompile Include="..\..\..\..\AppData\Local\arduino15\packages\esp32\hardware\esp32\2.0.2\cores\esp32\HWCDC.cpp">
      <Filter>src\_micro-api-readonly\core</Filter>
    </ClCompile>
    <ClCompile Include="..\..\..\..\AppData\Local\arduino15\packages\esp32\hardware\esp32\2.0.2\cores\esp32\IPAddress.cpp">
      <Filter>src\_micro-api-readonly\core</Filter>
    </ClCompile>
    <ClCompile Include="..\..\..\..\AppData\Local\arduino15\packages\esp32\hardware\esp32\2.0.2\cores\esp32\IPv6Address.cpp">
      <Filter>src\_micro-api-readonly\core</Filter>
    </ClCompile>
    <ClCompile Include="..\..\..\..\AppData\Local\arduino15\packages\esp32\hardware\esp32\2.0.2\cores\esp32\main.cpp">
      <Filter>src\_micro-api-readonly\core</Filter>
    </ClCompile>
    <ClCompile Include="..\..\..\..\AppData\Local\arduino15\packages\esp32\hardware\esp32\2.0.2\cores\esp32\MD5Builder.cpp">
      <Filter>src\_micro-api-readonly\core</Filter>
    </ClCompile>
    <ClCompile Include="..\..\..\..\AppData\Local\arduino15\packages\esp32\hardware\esp32\2.0.2\cores\esp32\Print.cpp">
      <Filter>src\_micro-api-readonly\core</Filter>
    </ClCompile>
    <ClCompile Include="..\..\..\..\AppData\Local\arduino15\packages\esp32\hardware\esp32\2.0.2\cores\esp32\stdlib_noniso.c">
      <Filter>src\_micro-api-readonly\core</Filter>
    </ClCompile>
    <ClCompile Include="..\..\..\..\AppData\Local\arduino15\packages\esp32\hardware\esp32\2.0.2\cores\esp32\Stream.cpp">
      <Filter>src\_micro-api-readonly\core</Filter>
    </ClCompile>
    <ClCompile Include="..\..\..\..\AppData\Local\arduino15\packages\esp32\hardware\esp32\2.0.2\cores\esp32\StreamString.cpp">
      <Filter>src\_micro-api-readonly\core</Filter>
    </ClCompile>
    <ClCompile Include="..\..\..\..\AppData\Local\arduino15\packages\esp32\hardware\esp32\2.0.2\cores\esp32\USB.cpp">
      <Filter>src\_micro-api-readonly\core</Filter>
    </ClCompile>
    <ClCompile Include="..\..\..\..\AppData\Local\arduino15\packages\esp32\hardware\esp32\2.0.2\cores\esp32\USBCDC.cpp">
      <Filter>src\_micro-api-readonly\core</Filter>
    </ClCompile>
    <ClCompile Include="..\..\..\..\AppData\Local\arduino15\packages\esp32\hardware\esp32\2.0.2\cores\esp32\USBMSC.cpp">
      <Filter>src\_micro-api-readonly\core</Filter>
    </ClCompile>
    <ClCompile Include="..\..\..\..\AppData\Local\arduino15\packages\esp32\hardware\esp32\2.0.2\cores\esp32\wiring_pulse.c">
      <Filter>src\_micro-api-readonly\core</Filter>
    </ClCompile>
    <ClCompile Include="..\..\..\..\AppData\Local\arduino15\packages\esp32\hardware\esp32\2.0.2\cores\esp32\wiring_shift.c">
      <Filter>src\_micro-api-readonly\core</Filter>
    </ClCompile>
    <ClCompile Include="..\..\..\..\AppData\Local\arduino15\packages\esp32\hardware\esp32\2.0.2\cores\esp32\WMath.cpp">
      <Filter>src\_micro-api-readonly\core</Filter>
    </ClCompile>
    <ClCompile Include="..\..\..\..\AppData\Local\arduino15\packages\esp32\hardware\esp32\2.0.2\cores\esp32\WString.cpp">
      <Filter>src\_micro-api-readonly\core</Filter>
    </ClCompile>
    <ClCompile Include="..\..\..\..\AppData\Local\arduino15\packages\esp32\hardware\esp32\2.0.2\libraries\WiFi\src\WiFi.cpp">
      <Filter>src\_micro-api-readonly\libraries\WiFi</Filter>
    </ClCompile>
    <ClCompile Include="..\..\..\..\AppData\Local\arduino15\packages\esp32\hardware\esp32\2.0.2\libraries\WiFi\src\WiFiAP.cpp">
      <Filter>src\_micro-api-readonly\libraries\WiFi</Filter>
    </ClCompile>
    <ClCompile Include="..\..\..\..\AppData\Local\arduino15\packages\esp32\hardware\esp32\2.0.2\libraries\WiFi\src\WiFiClient.cpp">
      <Filter>src\_micro-api-readonly\libraries\WiFi</Filter>
    </ClCompile>
    <ClCompile Include="..\..\..\..\AppData\Local\arduino15\packages\esp32\hardware\esp32\2.0.2\libraries\WiFi\src\WiFiGeneric.cpp">
      <Filter>src\_micro-api-readonly\libraries\WiFi</Filter>
    </ClCompile>
    <ClCompile Include="..\..\..\..\AppData\Local\arduino15\packages\esp32\hardware\esp32\2.0.2\libraries\WiFi\src\WiFiMulti.cpp">
      <Filter>src\_micro-api-readonly\libraries\WiFi</Filter>
    </ClCompile>
    <ClCompile Include="..\..\..\..\AppData\Local\arduino15\packages\esp32\hardware\esp32\2.0.2\libraries\WiFi\src\WiFiScan.cpp">
      <Filter>src\_micro-api-readonly\libraries\WiFi</Filter>
    </ClCompile>
    <ClCompile Include="..\..\..\..\AppData\Local\arduino15\packages\esp32\hardware\esp32\2.0.2\libraries\WiFi\src\WiFiServer.cpp">
      <Filter>src\_micro-api-readonly\libraries\WiFi</Filter>
    </ClCompile>
    <ClCompile Include="..\..\..\..\AppData\Local\arduino15\packages\esp32\hardware\esp32\2.0.2\libraries\WiFi\src\WiFiSTA.cpp">
      <Filter>src\_micro-api-readonly\libraries\WiFi</Filter>
    </ClCompile>
    <ClCompile Include="..\..\..\..\AppData\Local\arduino15\packages\esp32\hardware\esp32\2.0.2\libraries\WiFi\src\WiFiUdp.cpp">
      <Filter>src\_micro-api-readonly\libraries\WiFi</Filter>
    </ClCompile>
    <ClCompile Include="..\..\..\..\AppData\Local\arduino15\packages\esp32\hardware\esp32\2.0.11\libraries\AsyncUDP\src\AsyncUDP.cpp">
      <Filter>src\_micro-api-readonly\libraries\AsyncUDP</Filter>
    </ClCompile>
  </ItemGroup>
  <ItemGroup>
    <Text Include="..\..\..\..\AppData\Local\arduino15\packages\esp32\hardware\esp32\2.0.2\libraries\WiFi\keywords.txt">
      <Filter>src\_micro-api-readonly\libraries\WiFi</Filter>
    </Text>
    <Text Include="..\..\..\..\AppData\Local\arduino15\packages\esp32\hardware\esp32\2.0.11\libraries\AsyncUDP\keywords.txt">
      <Filter>src\_micro-api-readonly\libraries\AsyncUDP</Filter>
    </Text>
  </ItemGroup>
  <ItemGroup>
    <None Include="..\..\..\..\AppData\Local\arduino15\packages\esp32\hardware\esp32\2.0.2\libraries\WiFi\library.properties">
      <Filter>src\_micro-api-readonly\libraries\WiFi</Filter>
    </None>
    <None Include="..\..\..\..\AppData\Local\arduino15\packages\esp32\hardware\esp32\2.0.11\libraries\AsyncUDP\library.properties">
      <Filter>src\_micro-api-readonly\libraries\AsyncUDP</Filter>
    </None>
  </ItemGroup>
</Project>